Microsoft Visual Studio Solution File, Format Version 12.00
# Visual Studio Version 17
VisualStudioVersion = 17.5.2.0
MinimumVisualStudioVersion = 10.0.40219.1
Project("{FAE04EC0-301F-11D3-BF4B-00C04F79EFBC}") = "weekend", "weekend.csproj", "{32908185-7316-D18B-1DAA-FDDD4D91FFDA}"
EndProject
Global
	GlobalSection(SolutionConfigurationPlatforms) = preSolution
		Debug|Any CPU = Debug|Any CPU
		Release|Any CPU = Release|Any CPU
	EndGlobalSection
	GlobalSection(ProjectConfigurationPlatforms) = postSolution
		{32908185-7316-D18B-1DAA-FDDD4D91FFDA}.Debug|Any CPU.ActiveCfg = Debug|Any CPU
		{32908185-7316-D18B-1DAA-FDDD4D91FFDA}.Debug|Any CPU.Build.0 = Debug|Any CPU
		{32908185-7316-D18B-1DAA-FDDD4D91FFDA}.Release|Any CPU.ActiveCfg = Release|Any CPU
		{32908185-7316-D18B-1DAA-FDDD4D91FFDA}.Release|Any CPU.Build.0 = Release|Any CPU
	EndGlobalSection
	GlobalSection(SolutionProperties) = preSolution
		HideSolutionNode = FALSE
	EndGlobalSection
	GlobalSection(ExtensibilityGlobals) = postSolution
		SolutionGuid = {6D6F1C12-1128-49B8-9D77-07EF622B4943}
	EndGlobalSection
EndGlobal
